
Microsoft Visual Studio Solution File, Format Version 12.00
# Visual Studio Version 16
VisualStudioVersion = 16.0.30503.244
MinimumVisualStudioVersion = 10.0.40219.1
Project("{FAE04EC0-301F-11D3-BF4B-00C04F79EFBC}") = "kodtest", "kodtest\kodtest.csproj", "{F34386BC-72CE-41EA-BB6D-B1DBD4182918}"
EndProject
Global
	GlobalSection(SolutionConfigurationPlatforms) = preSolution
		Debug|Any CPU = Debug|Any CPU
		Release|Any CPU = Release|Any CPU
	EndGlobalSection
	GlobalSection(ProjectConfigurationPlatforms) = postSolution
		{F34386BC-72CE-41EA-BB6D-B1DBD4182918}.Debug|Any CPU.ActiveCfg = Debug|Any CPU
		{F34386BC-72CE-41EA-BB6D-B1DBD4182918}.Debug|Any CPU.Build.0 = Debug|Any CPU
		{F34386BC-72CE-41EA-BB6D-B1DBD4182918}.Release|Any CPU.ActiveCfg = Release|Any CPU
		{F34386BC-72CE-41EA-BB6D-B1DBD4182918}.Release|Any CPU.Build.0 = Release|Any CPU
	EndGlobalSection
	GlobalSection(SolutionProperties) = preSolution
		HideSolutionNode = FALSE
	EndGlobalSection
	GlobalSection(ExtensibilityGlobals) = postSolution
		SolutionGuid = {A1D4541C-2B18-4E36-8F5D-A32F13F93C96}
	EndGlobalSection
EndGlobal
